
Microsoft Visual Studio Solution File, Format Version 12.00
# Visual Studio Version 17
VisualStudioVersion = 17.2.32602.215
MinimumVisualStudioVersion = 10.0.40219.1
Project("{FAE04EC0-301F-11D3-BF4B-00C04F79EFBC}") = "BushidoKosho", "BushidoKosho\BushidoKosho.csproj", "{B3343E9E-4252-41BA-80D5-E4E7B36A4CC7}"
EndProject
Global
	GlobalSection(SolutionConfigurationPlatforms) = preSolution
		Debug|Any CPU = Debug|Any CPU
		Release|Any CPU = Release|Any CPU
	EndGlobalSection
	GlobalSection(ProjectConfigurationPlatforms) = postSolution
		{B3343E9E-4252-41BA-80D5-E4E7B36A4CC7}.Debug|Any CPU.ActiveCfg = Debug|Any CPU
		{B3343E9E-4252-41BA-80D5-E4E7B36A4CC7}.Debug|Any CPU.Build.0 = Debug|Any CPU
		{B3343E9E-4252-41BA-80D5-E4E7B36A4CC7}.Debug|Any CPU.Deploy.0 = Debug|Any CPU
		{B3343E9E-4252-41BA-80D5-E4E7B36A4CC7}.Release|Any CPU.ActiveCfg = Release|Any CPU
		{B3343E9E-4252-41BA-80D5-E4E7B36A4CC7}.Release|Any CPU.Build.0 = Release|Any CPU
		{B3343E9E-4252-41BA-80D5-E4E7B36A4CC7}.Release|Any CPU.Deploy.0 = Release|Any CPU
	EndGlobalSection
	GlobalSection(SolutionProperties) = preSolution
		HideSolutionNode = FALSE
	EndGlobalSection
	GlobalSection(ExtensibilityGlobals) = postSolution
		SolutionGuid = {F1683C19-0EBB-406A-96F6-D9BA551FC842}
	EndGlobalSection
EndGlobal
